
Microsoft Visual Studio Solution File, Format Version 12.00
# Visual Studio Version 17
VisualStudioVersion = 17.14.36221.1 d17.14
MinimumVisualStudioVersion = 10.0.40219.1
Project("{FAE04EC0-301F-11D3-BF4B-00C04F79EFBC}") = "FanControl.Acer-PO3-640", "FanControl.Acer-PO3-640.csproj", "{DB11D63B-2C39-4175-A172-F15E4FFDBF40}"
EndProject
Global
	GlobalSection(SolutionConfigurationPlatforms) = preSolution
		Debug|Any CPU = Debug|Any CPU
		Release|Any CPU = Release|Any CPU
	EndGlobalSection
	GlobalSection(ProjectConfigurationPlatforms) = postSolution
		{DB11D63B-2C39-4175-A172-F15E4FFDBF40}.Debug|Any CPU.ActiveCfg = Debug|Any CPU
		{DB11D63B-2C39-4175-A172-F15E4FFDBF40}.Debug|Any CPU.Build.0 = Debug|Any CPU
		{DB11D63B-2C39-4175-A172-F15E4FFDBF40}.Release|Any CPU.ActiveCfg = Release|Any CPU
		{DB11D63B-2C39-4175-A172-F15E4FFDBF40}.Release|Any CPU.Build.0 = Release|Any CPU
	EndGlobalSection
	GlobalSection(SolutionProperties) = preSolution
		HideSolutionNode = FALSE
	EndGlobalSection
	GlobalSection(ExtensibilityGlobals) = postSolution
		SolutionGuid = {36D6965F-D526-49B0-BAAA-4CD0BCC427A0}
	EndGlobalSection
EndGlobal
